
Microsoft Visual Studio Solution File, Format Version 12.00
# Visual Studio 15
VisualStudioVersion = 15.0.27130.2010
MinimumVisualStudioVersion = 10.0.40219.1
Project("{FAE04EC0-301F-11D3-BF4B-00C04F79EFBC}") = "Filters11", "Filters11.csproj", "{67A1F174-F9A9-486A-8DAF-D8C02F6C1616}"
EndProject
Global
	GlobalSection(SolutionConfigurationPlatforms) = preSolution
		Debug|Any CPU = Debug|Any CPU
		Release|Any CPU = Release|Any CPU
	EndGlobalSection
	GlobalSection(ProjectConfigurationPlatforms) = postSolution
		{67A1F174-F9A9-486A-8DAF-D8C02F6C1616}.Debug|Any CPU.ActiveCfg = Debug|Any CPU
		{67A1F174-F9A9-486A-8DAF-D8C02F6C1616}.Debug|Any CPU.Build.0 = Debug|Any CPU
		{67A1F174-F9A9-486A-8DAF-D8C02F6C1616}.Release|Any CPU.ActiveCfg = Release|Any CPU
		{67A1F174-F9A9-486A-8DAF-D8C02F6C1616}.Release|Any CPU.Build.0 = Release|Any CPU
	EndGlobalSection
	GlobalSection(SolutionProperties) = preSolution
		HideSolutionNode = FALSE
	EndGlobalSection
	GlobalSection(ExtensibilityGlobals) = postSolution
		SolutionGuid = {378758E6-14E4-4527-893A-C80E857F3721}
	EndGlobalSection
EndGlobal
